
Microsoft Visual Studio Solution File, Format Version 12.00
# Visual Studio Version 16
VisualStudioVersion = 16.0.30621.155
MinimumVisualStudioVersion = 10.0.40219.1
Project("{9A19103F-16F7-4668-BE54-9A1E7A4F7556}") = "GK.WebScraping.DB", "GK.WebScraping.DB\GK.WebScraping.DB.csproj", "{DF0225F5-CCD2-4492-A19F-837312FDE17D}"
EndProject
Project("{9A19103F-16F7-4668-BE54-9A1E7A4F7556}") = "GK.WebScraping.Mapper.Service", "GK.WebScraping.Mapper.Service\GK.WebScraping.Mapper.Service.csproj", "{4557AC39-93F2-4FA4-8451-103C9389FB82}"
EndProject
Project("{9A19103F-16F7-4668-BE54-9A1E7A4F7556}") = "GK.WebScraping.App", "GK.WebScraping.App\GK.WebScraping.App.csproj", "{62FC01DB-2B8D-4325-952C-C0671518F44F}"
EndProject
Project("{9A19103F-16F7-4668-BE54-9A1E7A4F7556}") = "GK.WebScraping.Model", "GK.WebScraping.Model\GK.WebScraping.Model.csproj", "{EA5CADF0-B83D-4301-9CFB-9ABE2B6C0377}"
EndProject
Project("{9A19103F-16F7-4668-BE54-9A1E7A4F7556}") = "GK.WebScraping.Utilities", "GK.WebScraping.Utilities\GK.WebScraping.Utilities.csproj", "{5EB46A17-F8DF-4701-82D6-9E867C010D84}"
EndProject
Project("{9A19103F-16F7-4668-BE54-9A1E7A4F7556}") = "GK.WebScraping.Test", "GK.WebScraping.Test\GK.WebScraping.Test.csproj", "{D9AE7B62-CF72-4993-9660-F8D12EF10049}"
EndProject
Project("{2150E333-8FDC-42A3-9474-1A3956D46DE8}") = "Config", "Config", "{B038C533-5DB7-4E50-B075-7B80716BC64F}"
	ProjectSection(SolutionItems) = preProject
		Resources\Config\config.json = Resources\Config\config.json
		README.md = README.md
	EndProjectSection
EndProject
Global
	GlobalSection(SolutionConfigurationPlatforms) = preSolution
		Debug|Any CPU = Debug|Any CPU
		Release|Any CPU = Release|Any CPU
	EndGlobalSection
	GlobalSection(ProjectConfigurationPlatforms) = postSolution
		{DF0225F5-CCD2-4492-A19F-837312FDE17D}.Debug|Any CPU.ActiveCfg = Debug|Any CPU
		{DF0225F5-CCD2-4492-A19F-837312FDE17D}.Debug|Any CPU.Build.0 = Debug|Any CPU
		{DF0225F5-CCD2-4492-A19F-837312FDE17D}.Release|Any CPU.ActiveCfg = Release|Any CPU
		{DF0225F5-CCD2-4492-A19F-837312FDE17D}.Release|Any CPU.Build.0 = Release|Any CPU
		{4557AC39-93F2-4FA4-8451-103C9389FB82}.Debug|Any CPU.ActiveCfg = Debug|Any CPU
		{4557AC39-93F2-4FA4-8451-103C9389FB82}.Debug|Any CPU.Build.0 = Debug|Any CPU
		{4557AC39-93F2-4FA4-8451-103C9389FB82}.Release|Any CPU.ActiveCfg = Release|Any CPU
		{4557AC39-93F2-4FA4-8451-103C9389FB82}.Release|Any CPU.Build.0 = Release|Any CPU
		{62FC01DB-2B8D-4325-952C-C0671518F44F}.Debug|Any CPU.ActiveCfg = Debug|Any CPU
		{62FC01DB-2B8D-4325-952C-C0671518F44F}.Debug|Any CPU.Build.0 = Debug|Any CPU
		{62FC01DB-2B8D-4325-952C-C0671518F44F}.Release|Any CPU.ActiveCfg = Release|Any CPU
		{62FC01DB-2B8D-4325-952C-C0671518F44F}.Release|Any CPU.Build.0 = Release|Any CPU
		{EA5CADF0-B83D-4301-9CFB-9ABE2B6C0377}.Debug|Any CPU.ActiveCfg = Debug|Any CPU
		{EA5CADF0-B83D-4301-9CFB-9ABE2B6C0377}.Debug|Any CPU.Build.0 = Debug|Any CPU
		{EA5CADF0-B83D-4301-9CFB-9ABE2B6C0377}.Release|Any CPU.ActiveCfg = Release|Any CPU
		{EA5CADF0-B83D-4301-9CFB-9ABE2B6C0377}.Release|Any CPU.Build.0 = Release|Any CPU
		{5EB46A17-F8DF-4701-82D6-9E867C010D84}.Debug|Any CPU.ActiveCfg = Debug|Any CPU
		{5EB46A17-F8DF-4701-82D6-9E867C010D84}.Debug|Any CPU.Build.0 = Debug|Any CPU
		{5EB46A17-F8DF-4701-82D6-9E867C010D84}.Release|Any CPU.ActiveCfg = Release|Any CPU
		{5EB46A17-F8DF-4701-82D6-9E867C010D84}.Release|Any CPU.Build.0 = Release|Any CPU
		{D9AE7B62-CF72-4993-9660-F8D12EF10049}.Debug|Any CPU.ActiveCfg = Debug|Any CPU
		{D9AE7B62-CF72-4993-9660-F8D12EF10049}.Debug|Any CPU.Build.0 = Debug|Any CPU
		{D9AE7B62-CF72-4993-9660-F8D12EF10049}.Release|Any CPU.ActiveCfg = Release|Any CPU
		{D9AE7B62-CF72-4993-9660-F8D12EF10049}.Release|Any CPU.Build.0 = Release|Any CPU
	EndGlobalSection
	GlobalSection(SolutionProperties) = preSolution
		HideSolutionNode = FALSE
	EndGlobalSection
	GlobalSection(ExtensibilityGlobals) = postSolution
		SolutionGuid = {0D9587A6-64C1-4B7B-8C19-2015CB1D6817}
	EndGlobalSection
EndGlobal
